# THIS IS AN AUTOGENERATED FILE. DO NOT EDIT THIS FILE DIRECTLY.
# yarn lockfile v1


"@tauri-apps/api@^1.5.3":
  version "1.5.4"
  resolved "https://registry.yarnpkg.com/@tauri-apps/api/-/api-1.5.4.tgz#69bf7f93abe7b00d69c313016a6c1d0d59dca5cd"
  integrity sha512-LKYae9URbdEdbHrOXBeXb/lZgVyWTX0E98rSFBuQlmkLr8OeG+akuE41PfLjBVyk1Q+fq7wxo4ieenLSMUAUhA==

"@tauri-apps/cli-darwin-arm64@1.5.12":
  version "1.5.12"
  resolved "https://registry.yarnpkg.com/@tauri-apps/cli-darwin-arm64/-/cli-darwin-arm64-1.5.12.tgz#0c595818cbfefec3ec9e6352d7769cb5b083d4cc"
  integrity sha512-ud06E547WE7oDZeN5rH4eeB90Rie0aSCFH0Zb6XyNb6qgg0ZIftM+N3OjVONxk84/g//nr4/x7wW6LOwiwvPHw==

"@tauri-apps/cli-darwin-x64@1.5.12":
  version "1.5.12"
  resolved "https://registry.yarnpkg.com/@tauri-apps/cli-darwin-x64/-/cli-darwin-x64-1.5.12.tgz#668a1606124d338f533e66bc9e9b0ca432d5af65"
  integrity sha512-hSz9cuHO4lYora0z2XRFEIblkStT3eJvh/iYmsFfjT3usGBt2fTPMJ4SnL1Uyu64Y59dqyRNBikuBuymAFESjA==

"@tauri-apps/cli-linux-arm-gnueabihf@1.5.12":
  version "1.5.12"
  resolved "https://registry.yarnpkg.com/@tauri-apps/cli-linux-arm-gnueabihf/-/cli-linux-arm-gnueabihf-1.5.12.tgz#fa9ae1b784cd8b78e329024f2df19a45396855d8"
  integrity sha512-FanE15/c7nz64CcTFe7f+8b7+rFQCb3Ivju+4sxVSPkAOJXHc5no3Y/LxFt85SAOMgPTB2FMuxHUdjvLjd2D1w==

"@tauri-apps/cli-linux-arm64-gnu@1.5.12":
  version "1.5.12"
  resolved "https://registry.yarnpkg.com/@tauri-apps/cli-linux-arm64-gnu/-/cli-linux-arm64-gnu-1.5.12.tgz#6997b83ef5a91da4a1301dd6280025604245155b"
  integrity sha512-ETVyIcR4xVGnuhTgTY+kPG5LbAJQobPA8OxSLRY203f0cqYuSPffgyahtS65uPJ9egWIN3fflDKGTE1xcgFNAA==

"@tauri-apps/cli-linux-arm64-musl@1.5.12":
  version "1.5.12"
  resolved "https://registry.yarnpkg.com/@tauri-apps/cli-linux-arm64-musl/-/cli-linux-arm64-musl-1.5.12.tgz#aaa3b0ffd7ebaae32b1e2588d946e0c70e3333e0"
  integrity sha512-ZhMagbS50dDV9glHrtRg1bkUa7sUDPsZ9bJ0xnd0vr8Smi8RiJ/dgQbF5eQNp4ahzYl+FtLjBkMTZKACrKgusg==

"@tauri-apps/cli-linux-x64-gnu@1.5.12":
  version "1.5.12"
  resolved "https://registry.yarnpkg.com/@tauri-apps/cli-linux-x64-gnu/-/cli-linux-x64-gnu-1.5.12.tgz#c1288d5a03c490466fe21ea38437ad6f4962b522"
  integrity sha512-H6jXU4AG8g6FZxX+U3M76zigbLvj7bE+wG+xOrS7xCRwkfAEKw0aulymdFfOl44KBZDQQsV5KYA6T6csx3KbIQ==

"@tauri-apps/cli-linux-x64-musl@1.5.12":
  version "1.5.12"
  resolved "https://registry.yarnpkg.com/@tauri-apps/cli-linux-x64-musl/-/cli-linux-x64-musl-1.5.12.tgz#c57fbbe0936eccc6fdf23c97b0bcb8f9948c1315"
  integrity sha512-Y/0dzBD8oFZ04Xq75LKPJvOI2MbVFdwGY6w41l24OxNiNopF7AzdrZGTJ+MoUbU9PALNP8ABhOP6BYZiV528OA==

"@tauri-apps/cli-win32-arm64-msvc@1.5.12":
  version "1.5.12"
  resolved "https://registry.yarnpkg.com/@tauri-apps/cli-win32-arm64-msvc/-/cli-win32-arm64-msvc-1.5.12.tgz#92d4527b13341570cd5ddace2c48c350407c6caf"
  integrity sha512-fxCS1/zQp+W7Lze+6Sh64RLqWFE57NsU+Y9L30ZKt5Prnt2LXEoa3POSaQpgHLRgwL/WfDW2nkYBRH3fVIrpQg==

"@tauri-apps/cli-win32-ia32-msvc@1.5.12":
  version "1.5.12"
  resolved "https://registry.yarnpkg.com/@tauri-apps/cli-win32-ia32-msvc/-/cli-win32-ia32-msvc-1.5.12.tgz#92cb0f26741dfe647f74f690ff9f57659984ffc9"
  integrity sha512-keWSEBOxL8q750AzmL4L3DDJzDzmb6DGT3+0HTjbEfu+a2GRS1lnrkm3EEeAepPoz4r62+cOQbjPRP8YGtGfFw==

"@tauri-apps/cli-win32-x64-msvc@1.5.12":
  version "1.5.12"
  resolved "https://registry.yarnpkg.com/@tauri-apps/cli-win32-x64-msvc/-/cli-win32-x64-msvc-1.5.12.tgz#a51b48aaa22837183e868c9a465aa47bf643ddf4"
  integrity sha512-+eIvaPVwtVM7puXlCZIS1lSFF0VZ0gAUShKwk/kBZi8xUYQoNEW2RUWSPp+TEdZsMiAxd/zFZ+tGgv83Hxjbjg==

"@tauri-apps/cli@^1":
  version "1.5.12"
  resolved "https://registry.yarnpkg.com/@tauri-apps/cli/-/cli-1.5.12.tgz#854ddbdb46e0bad8983957e50729c36ab570ad44"
  integrity sha512-tMvcMVIrvNjoPIVO5pZk7lJrHVXw7NBggpJXRAQsD7VkMW9hT1uX3jVZeoPCmQ5KbpXvjoNXe+Ws8nE2NR/8Ow==
  optionalDependencies:
    "@tauri-apps/cli-darwin-arm64" "1.5.12"
    "@tauri-apps/cli-darwin-x64" "1.5.12"
    "@tauri-apps/cli-linux-arm-gnueabihf" "1.5.12"
    "@tauri-apps/cli-linux-arm64-gnu" "1.5.12"
    "@tauri-apps/cli-linux-arm64-musl" "1.5.12"
    "@tauri-apps/cli-linux-x64-gnu" "1.5.12"
    "@tauri-apps/cli-linux-x64-musl" "1.5.12"
    "@tauri-apps/cli-win32-arm64-msvc" "1.5.12"
    "@tauri-apps/cli-win32-ia32-msvc" "1.5.12"
    "@tauri-apps/cli-win32-x64-msvc" "1.5.12"
